{
  "name": "notable-icons-phosphor",
  "lockfileVersion": 3,
  "requires": true,
  "packages": {
    "": {
      "name": "notable-icons-phosphor",
      "dependencies": {
        "@iconify-json/ph": "1.2.2"
      }
    },
    "node_modules/@iconify-json/ph": {
      "version": "1.2.2",
      "resolved": "https://registry.npmjs.org/@iconify-json/ph/-/ph-1.2.2.tgz",
      "integrity": "sha512-PgkEZNtqa8hBGjHXQa4pMwZa93hmfu8FUSjs/nv4oUU6yLsgv+gh9nu28Kqi8Fz9CCVu4hj1MZs9/60J57IzFw==",
      "license": "MIT",
      "dependencies": {
        "@iconify/types": "*"
      }
    },
    "node_modules/@iconify/types": {
      "version": "2.0.0",
      "resolved": "https://registry.npmjs.org/@iconify/types/-/types-2.0.0.tgz",
      "integrity": "sha512-+wluvCrRhXrhyOmRDJ3q8mux9JkKy5SJ/v8ol2tu4FVjyYvtEzkc/3pK15ET6RKg4b4w4BmTk1+gsCUhf21Ykg==",
      "license": "MIT"
    }
  }
}
