{
  "name": "notable-icons-tabler",
  "lockfileVersion": 3,
  "requires": true,
  "packages": {
    "": {
      "name": "notable-icons-tabler",
      "dependencies": {
        "@iconify-json/tabler": "1.2.35"
      }
    },
    "node_modules/@iconify-json/tabler": {
      "version": "1.2.35",
      "resolved": "https://registry.npmjs.org/@iconify-json/tabler/-/tabler-1.2.35.tgz",
      "integrity": "sha512-/sJMqHvh5ZWrEERVfDCT5NjVDeKJdhosFtKjJofAVl+P/3AzLiryOQw7WvrfDF25Xa5N/eoOQ15Y1jnhYXxBoQ==",
      "license": "MIT",
      "dependencies": {
        "@iconify/types": "*"
      }
    },
    "node_modules/@iconify/types": {
      "version": "2.0.0",
      "resolved": "https://registry.npmjs.org/@iconify/types/-/types-2.0.0.tgz",
      "integrity": "sha512-+wluvCrRhXrhyOmRDJ3q8mux9JkKy5SJ/v8ol2tu4FVjyYvtEzkc/3pK15ET6RKg4b4w4BmTk1+gsCUhf21Ykg==",
      "license": "MIT"
    }
  }
}
